
Microsoft Visual Studio Solution File, Format Version 12.00
# Visual Studio Version 16
VisualStudioVersion = 16.0.31911.196
MinimumVisualStudioVersion = 10.0.40219.1
Project("{8BC9CEB8-8B4A-11D0-8D11-00A0C91BC942}") = "fortnight", "fortnight.vcxproj", "{21F4B5BB-C0FC-4F49-BC65-9C714EFB45A3}"
EndProject
Global
	GlobalSection(SolutionConfigurationPlatforms) = preSolution
		Debug|x64 = Debug|x64
		Debug|x86 = Debug|x86
		Release|x64 = Release|x64
		Release|x86 = Release|x86
	EndGlobalSection
	GlobalSection(ProjectConfigurationPlatforms) = postSolution
		{21F4B5BB-C0FC-4F49-BC65-9C714EFB45A3}.Debug|x64.ActiveCfg = Debug|x64
		{21F4B5BB-C0FC-4F49-BC65-9C714EFB45A3}.Debug|x64.Build.0 = Debug|x64
		{21F4B5BB-C0FC-4F49-BC65-9C714EFB45A3}.Debug|x86.ActiveCfg = Debug|Win32
		{21F4B5BB-C0FC-4F49-BC65-9C714EFB45A3}.Debug|x86.Build.0 = Debug|Win32
		{21F4B5BB-C0FC-4F49-BC65-9C714EFB45A3}.Release|x64.ActiveCfg = Release|x64
		{21F4B5BB-C0FC-4F49-BC65-9C714EFB45A3}.Release|x64.Build.0 = Release|x64
		{21F4B5BB-C0FC-4F49-BC65-9C714EFB45A3}.Release|x86.ActiveCfg = Release|Win32
		{21F4B5BB-C0FC-4F49-BC65-9C714EFB45A3}.Release|x86.Build.0 = Release|Win32
	EndGlobalSection
	GlobalSection(SolutionProperties) = preSolution
		HideSolutionNode = FALSE
	EndGlobalSection
	GlobalSection(ExtensibilityGlobals) = postSolution
		SolutionGuid = {0D36AC7F-4425-4425-93FF-6CE39EA69F97}
	EndGlobalSection
EndGlobal
